{
  "name": "rtsp-stream",
  "version": "1.0.0",
  "lockfileVersion": 1,
  "requires": true,
  "dependencies": {
    "sdp-transform": {
      "version": "2.8.0",
      "resolved": "https://registry.npmjs.org/sdp-transform/-/sdp-transform-2.8.0.tgz",
      "integrity": "sha512-0sacVJs3KzYVm89QDRiZN5eWjBidSGB4F2oYuMOhHfdiKzkZVAhh/UOG5XzjaSlrhWVHxqR7MpQe5lWA9DfsSg=="
    },
    "yellowstone": {
      "version": "3.0.1",
      "resolved": "https://registry.npmjs.org/yellowstone/-/yellowstone-3.0.1.tgz",
      "integrity": "sha512-6y/VaoJRAQ9V0VLEEHBVS8XKcMikbRA0ifbgdj6/X3KC873DmY0DpkP4zt/UO2U2lJ6YJShA6phDcJ2GMkLlhQ==",
      "requires": {
        "sdp-transform": "^2.7.0"
      }
    }
  }
}
